
Microsoft Visual Studio Solution File, Format Version 12.00
# Visual Studio 15
VisualStudioVersion = 15.0.28010.2003
MinimumVisualStudioVersion = 10.0.40219.1
Project("{FAE04EC0-301F-11D3-BF4B-00C04F79EFBC}") = "SJCNet.DesignPatterns.Output.OLD", "SJCNet.DesignPatterns.Output.OLD\SJCNet.DesignPatterns.Output.OLD.csproj", "{BA685722-2A18-4C30-9C26-BA79E0E2748F}"
EndProject
Project("{FAE04EC0-301F-11D3-BF4B-00C04F79EFBC}") = "SJCNet.DesignPatterns.CompositionOverInheritance.Old", "SJCNet.DesignPatterns.CompositionOverInheritance.OLD\SJCNet.DesignPatterns.CompositionOverInheritance.Old.csproj", "{59DC2580-5371-4447-B687-D2AA1DE675E8}"
EndProject
Project("{FAE04EC0-301F-11D3-BF4B-00C04F79EFBC}") = "SJCNet.DesignPatterns.Shared.OLD", "SJCNet.DesignPatterns.Shared.OLD\SJCNet.DesignPatterns.Shared.OLD.csproj", "{CBE02EB0-7DC1-4FF5-BFE1-EF495CE0C655}"
EndProject
Project("{FAE04EC0-301F-11D3-BF4B-00C04F79EFBC}") = "SJCNet.DesignPatterns.Observer", "SJCNet.DesignPatterns.Observer\SJCNet.DesignPatterns.Observer.csproj", "{FBA2123E-A1C9-4327-AA17-33F35481964A}"
EndProject
Project("{FAE04EC0-301F-11D3-BF4B-00C04F79EFBC}") = "SJCNet.DesignPatterns.Factory", "SJCNet.DesignPatterns.Factory\SJCNet.DesignPatterns.Factory.csproj", "{5905DA6D-16C1-4DDE-9C78-552E59055E7C}"
EndProject
Project("{9A19103F-16F7-4668-BE54-9A1E7A4F7556}") = "SJCNet.DesignPatterns.Output", "SJCNet.DesignPatterns.Output\SJCNet.DesignPatterns.Output.csproj", "{782C37BA-FAE7-4BA2-B61E-F68961071ED8}"
EndProject
Project("{9A19103F-16F7-4668-BE54-9A1E7A4F7556}") = "SJCNet.DesignPatterns.Shared", "SJCNet.DesignPatterns.Shared\SJCNet.DesignPatterns.Shared.csproj", "{C029A635-1022-49A8-ADC8-14CA85DC4E83}"
EndProject
Project("{FAE04EC0-301F-11D3-BF4B-00C04F79EFBC}") = "SJCNet.DesignPatterns.CompositionOverInheritance", "SJCNet.DesignPatterns.CompositionOverInheritance\SJCNet.DesignPatterns.CompositionOverInheritance.csproj", "{B101B783-CCDF-4E09-8BDC-63AB8DA6BAE6}"
EndProject
Global
	GlobalSection(SolutionConfigurationPlatforms) = preSolution
		Debug|Any CPU = Debug|Any CPU
		Release|Any CPU = Release|Any CPU
	EndGlobalSection
	GlobalSection(ProjectConfigurationPlatforms) = postSolution
		{BA685722-2A18-4C30-9C26-BA79E0E2748F}.Debug|Any CPU.ActiveCfg = Debug|Any CPU
		{BA685722-2A18-4C30-9C26-BA79E0E2748F}.Debug|Any CPU.Build.0 = Debug|Any CPU
		{BA685722-2A18-4C30-9C26-BA79E0E2748F}.Release|Any CPU.ActiveCfg = Release|Any CPU
		{BA685722-2A18-4C30-9C26-BA79E0E2748F}.Release|Any CPU.Build.0 = Release|Any CPU
		{59DC2580-5371-4447-B687-D2AA1DE675E8}.Debug|Any CPU.ActiveCfg = Debug|Any CPU
		{59DC2580-5371-4447-B687-D2AA1DE675E8}.Debug|Any CPU.Build.0 = Debug|Any CPU
		{59DC2580-5371-4447-B687-D2AA1DE675E8}.Release|Any CPU.ActiveCfg = Release|Any CPU
		{59DC2580-5371-4447-B687-D2AA1DE675E8}.Release|Any CPU.Build.0 = Release|Any CPU
		{CBE02EB0-7DC1-4FF5-BFE1-EF495CE0C655}.Debug|Any CPU.ActiveCfg = Debug|Any CPU
		{CBE02EB0-7DC1-4FF5-BFE1-EF495CE0C655}.Debug|Any CPU.Build.0 = Debug|Any CPU
		{CBE02EB0-7DC1-4FF5-BFE1-EF495CE0C655}.Release|Any CPU.ActiveCfg = Release|Any CPU
		{CBE02EB0-7DC1-4FF5-BFE1-EF495CE0C655}.Release|Any CPU.Build.0 = Release|Any CPU
		{FBA2123E-A1C9-4327-AA17-33F35481964A}.Debug|Any CPU.ActiveCfg = Debug|Any CPU
		{FBA2123E-A1C9-4327-AA17-33F35481964A}.Debug|Any CPU.Build.0 = Debug|Any CPU
		{FBA2123E-A1C9-4327-AA17-33F35481964A}.Release|Any CPU.ActiveCfg = Release|Any CPU
		{FBA2123E-A1C9-4327-AA17-33F35481964A}.Release|Any CPU.Build.0 = Release|Any CPU
		{5905DA6D-16C1-4DDE-9C78-552E59055E7C}.Debug|Any CPU.ActiveCfg = Debug|Any CPU
		{5905DA6D-16C1-4DDE-9C78-552E59055E7C}.Debug|Any CPU.Build.0 = Debug|Any CPU
		{5905DA6D-16C1-4DDE-9C78-552E59055E7C}.Release|Any CPU.ActiveCfg = Release|Any CPU
		{5905DA6D-16C1-4DDE-9C78-552E59055E7C}.Release|Any CPU.Build.0 = Release|Any CPU
		{782C37BA-FAE7-4BA2-B61E-F68961071ED8}.Debug|Any CPU.ActiveCfg = Debug|Any CPU
		{782C37BA-FAE7-4BA2-B61E-F68961071ED8}.Debug|Any CPU.Build.0 = Debug|Any CPU
		{782C37BA-FAE7-4BA2-B61E-F68961071ED8}.Release|Any CPU.ActiveCfg = Release|Any CPU
		{782C37BA-FAE7-4BA2-B61E-F68961071ED8}.Release|Any CPU.Build.0 = Release|Any CPU
		{C029A635-1022-49A8-ADC8-14CA85DC4E83}.Debug|Any CPU.ActiveCfg = Debug|Any CPU
		{C029A635-1022-49A8-ADC8-14CA85DC4E83}.Debug|Any CPU.Build.0 = Debug|Any CPU
		{C029A635-1022-49A8-ADC8-14CA85DC4E83}.Release|Any CPU.ActiveCfg = Release|Any CPU
		{C029A635-1022-49A8-ADC8-14CA85DC4E83}.Release|Any CPU.Build.0 = Release|Any CPU
		{B101B783-CCDF-4E09-8BDC-63AB8DA6BAE6}.Debug|Any CPU.ActiveCfg = Debug|Any CPU
		{B101B783-CCDF-4E09-8BDC-63AB8DA6BAE6}.Debug|Any CPU.Build.0 = Debug|Any CPU
		{B101B783-CCDF-4E09-8BDC-63AB8DA6BAE6}.Release|Any CPU.ActiveCfg = Release|Any CPU
		{B101B783-CCDF-4E09-8BDC-63AB8DA6BAE6}.Release|Any CPU.Build.0 = Release|Any CPU
	EndGlobalSection
	GlobalSection(SolutionProperties) = preSolution
		HideSolutionNode = FALSE
	EndGlobalSection
	GlobalSection(ExtensibilityGlobals) = postSolution
		SolutionGuid = {38D01A8A-DC26-4081-A1C9-1A4C0D03C36A}
	EndGlobalSection
EndGlobal
