
Microsoft Visual Studio Solution File, Format Version 12.00
# Visual Studio 14
VisualStudioVersion = 14.0.25420.1
MinimumVisualStudioVersion = 10.0.40219.1
Project("{FAE04EC0-301F-11D3-BF4B-00C04F79EFBC}") = "SJCNet.DesignPatterns.Output", "SJCNet.DesignPatterns.Output\SJCNet.DesignPatterns.Output.csproj", "{BA685722-2A18-4C30-9C26-BA79E0E2748F}"
EndProject
Project("{FAE04EC0-301F-11D3-BF4B-00C04F79EFBC}") = "SJCNet.DesignPatterns.CompositionOverInheritance", "SJCNet.DesignPatterns.CompositionOverInheritance\SJCNet.DesignPatterns.CompositionOverInheritance.csproj", "{59DC2580-5371-4447-B687-D2AA1DE675E8}"
EndProject
Project("{FAE04EC0-301F-11D3-BF4B-00C04F79EFBC}") = "SJCNet.DesignPatterns.Shared", "SJCNet.DesignPatterns.Shared\SJCNet.DesignPatterns.Shared.csproj", "{CBE02EB0-7DC1-4FF5-BFE1-EF495CE0C655}"
EndProject
Project("{FAE04EC0-301F-11D3-BF4B-00C04F79EFBC}") = "SJCNet.DesignPatterns.Decorator", "SJCNet.DesignPatterns.Decorator\SJCNet.DesignPatterns.Decorator.csproj", "{8BD80C24-73EF-4F65-9C81-2C81545D98ED}"
EndProject
Global
	GlobalSection(SolutionConfigurationPlatforms) = preSolution
		Debug|Any CPU = Debug|Any CPU
		Release|Any CPU = Release|Any CPU
	EndGlobalSection
	GlobalSection(ProjectConfigurationPlatforms) = postSolution
		{BA685722-2A18-4C30-9C26-BA79E0E2748F}.Debug|Any CPU.ActiveCfg = Debug|Any CPU
		{BA685722-2A18-4C30-9C26-BA79E0E2748F}.Debug|Any CPU.Build.0 = Debug|Any CPU
		{BA685722-2A18-4C30-9C26-BA79E0E2748F}.Release|Any CPU.ActiveCfg = Release|Any CPU
		{BA685722-2A18-4C30-9C26-BA79E0E2748F}.Release|Any CPU.Build.0 = Release|Any CPU
		{59DC2580-5371-4447-B687-D2AA1DE675E8}.Debug|Any CPU.ActiveCfg = Debug|Any CPU
		{59DC2580-5371-4447-B687-D2AA1DE675E8}.Debug|Any CPU.Build.0 = Debug|Any CPU
		{59DC2580-5371-4447-B687-D2AA1DE675E8}.Release|Any CPU.ActiveCfg = Release|Any CPU
		{59DC2580-5371-4447-B687-D2AA1DE675E8}.Release|Any CPU.Build.0 = Release|Any CPU
		{CBE02EB0-7DC1-4FF5-BFE1-EF495CE0C655}.Debug|Any CPU.ActiveCfg = Debug|Any CPU
		{CBE02EB0-7DC1-4FF5-BFE1-EF495CE0C655}.Debug|Any CPU.Build.0 = Debug|Any CPU
		{CBE02EB0-7DC1-4FF5-BFE1-EF495CE0C655}.Release|Any CPU.ActiveCfg = Release|Any CPU
		{CBE02EB0-7DC1-4FF5-BFE1-EF495CE0C655}.Release|Any CPU.Build.0 = Release|Any CPU
		{8BD80C24-73EF-4F65-9C81-2C81545D98ED}.Debug|Any CPU.ActiveCfg = Debug|Any CPU
		{8BD80C24-73EF-4F65-9C81-2C81545D98ED}.Debug|Any CPU.Build.0 = Debug|Any CPU
		{8BD80C24-73EF-4F65-9C81-2C81545D98ED}.Release|Any CPU.ActiveCfg = Release|Any CPU
		{8BD80C24-73EF-4F65-9C81-2C81545D98ED}.Release|Any CPU.Build.0 = Release|Any CPU
	EndGlobalSection
	GlobalSection(SolutionProperties) = preSolution
		HideSolutionNode = FALSE
	EndGlobalSection
EndGlobal
