
Microsoft Visual Studio Solution File, Format Version 12.00
# Visual Studio 15
VisualStudioVersion = 15.0.28010.2003
MinimumVisualStudioVersion = 10.0.40219.1
Project("{9A19103F-16F7-4668-BE54-9A1E7A4F7556}") = "SJCNet.DesignPatterns.Output", "SJCNet.DesignPatterns.Output\SJCNet.DesignPatterns.Output.csproj", "{782C37BA-FAE7-4BA2-B61E-F68961071ED8}"
EndProject
Project("{9A19103F-16F7-4668-BE54-9A1E7A4F7556}") = "SJCNet.DesignPatterns.Shared", "SJCNet.DesignPatterns.Shared\SJCNet.DesignPatterns.Shared.csproj", "{C029A635-1022-49A8-ADC8-14CA85DC4E83}"
EndProject
Project("{9A19103F-16F7-4668-BE54-9A1E7A4F7556}") = "SJCNet.DesignPatterns.CompositionOverInheritance", "SJCNet.DesignPatterns.CompositionOverInheritance\SJCNet.DesignPatterns.CompositionOverInheritance.csproj", "{B101B783-CCDF-4E09-8BDC-63AB8DA6BAE6}"
EndProject
Project("{9A19103F-16F7-4668-BE54-9A1E7A4F7556}") = "SJCNet.DesignPatterns.Factory", "SJCNet.DesignPatterns.Factory\SJCNet.DesignPatterns.Factory.csproj", "{B3226426-4C6B-4635-8ABF-14E06D2801A1}"
EndProject
Project("{9A19103F-16F7-4668-BE54-9A1E7A4F7556}") = "SJCNet.DesignPatterns.Observer", "SJCNet.DesignPatterns.Observer\SJCNet.DesignPatterns.Observer.csproj", "{F0EA50BF-4335-46C6-AA9F-31BBA5FA6F4D}"
EndProject
Project("{FAE04EC0-301F-11D3-BF4B-00C04F79EFBC}") = "SJCNet.DesignPatterns.Singleton", "SJCNet.DesignPatterns.Singleton\SJCNet.DesignPatterns.Singleton.csproj", "{724E9CF7-1047-4C66-8A5A-97331D5BDC55}"
EndProject
Global
	GlobalSection(SolutionConfigurationPlatforms) = preSolution
		Debug|Any CPU = Debug|Any CPU
		Release|Any CPU = Release|Any CPU
	EndGlobalSection
	GlobalSection(ProjectConfigurationPlatforms) = postSolution
		{782C37BA-FAE7-4BA2-B61E-F68961071ED8}.Debug|Any CPU.ActiveCfg = Debug|Any CPU
		{782C37BA-FAE7-4BA2-B61E-F68961071ED8}.Debug|Any CPU.Build.0 = Debug|Any CPU
		{782C37BA-FAE7-4BA2-B61E-F68961071ED8}.Release|Any CPU.ActiveCfg = Release|Any CPU
		{782C37BA-FAE7-4BA2-B61E-F68961071ED8}.Release|Any CPU.Build.0 = Release|Any CPU
		{C029A635-1022-49A8-ADC8-14CA85DC4E83}.Debug|Any CPU.ActiveCfg = Debug|Any CPU
		{C029A635-1022-49A8-ADC8-14CA85DC4E83}.Debug|Any CPU.Build.0 = Debug|Any CPU
		{C029A635-1022-49A8-ADC8-14CA85DC4E83}.Release|Any CPU.ActiveCfg = Release|Any CPU
		{C029A635-1022-49A8-ADC8-14CA85DC4E83}.Release|Any CPU.Build.0 = Release|Any CPU
		{B101B783-CCDF-4E09-8BDC-63AB8DA6BAE6}.Debug|Any CPU.ActiveCfg = Debug|Any CPU
		{B101B783-CCDF-4E09-8BDC-63AB8DA6BAE6}.Debug|Any CPU.Build.0 = Debug|Any CPU
		{B101B783-CCDF-4E09-8BDC-63AB8DA6BAE6}.Release|Any CPU.ActiveCfg = Release|Any CPU
		{B101B783-CCDF-4E09-8BDC-63AB8DA6BAE6}.Release|Any CPU.Build.0 = Release|Any CPU
		{B3226426-4C6B-4635-8ABF-14E06D2801A1}.Debug|Any CPU.ActiveCfg = Debug|Any CPU
		{B3226426-4C6B-4635-8ABF-14E06D2801A1}.Debug|Any CPU.Build.0 = Debug|Any CPU
		{B3226426-4C6B-4635-8ABF-14E06D2801A1}.Release|Any CPU.ActiveCfg = Release|Any CPU
		{B3226426-4C6B-4635-8ABF-14E06D2801A1}.Release|Any CPU.Build.0 = Release|Any CPU
		{F0EA50BF-4335-46C6-AA9F-31BBA5FA6F4D}.Debug|Any CPU.ActiveCfg = Debug|Any CPU
		{F0EA50BF-4335-46C6-AA9F-31BBA5FA6F4D}.Debug|Any CPU.Build.0 = Debug|Any CPU
		{F0EA50BF-4335-46C6-AA9F-31BBA5FA6F4D}.Release|Any CPU.ActiveCfg = Release|Any CPU
		{F0EA50BF-4335-46C6-AA9F-31BBA5FA6F4D}.Release|Any CPU.Build.0 = Release|Any CPU
		{724E9CF7-1047-4C66-8A5A-97331D5BDC55}.Debug|Any CPU.ActiveCfg = Debug|Any CPU
		{724E9CF7-1047-4C66-8A5A-97331D5BDC55}.Debug|Any CPU.Build.0 = Debug|Any CPU
		{724E9CF7-1047-4C66-8A5A-97331D5BDC55}.Release|Any CPU.ActiveCfg = Release|Any CPU
		{724E9CF7-1047-4C66-8A5A-97331D5BDC55}.Release|Any CPU.Build.0 = Release|Any CPU
	EndGlobalSection
	GlobalSection(SolutionProperties) = preSolution
		HideSolutionNode = FALSE
	EndGlobalSection
	GlobalSection(ExtensibilityGlobals) = postSolution
		SolutionGuid = {38D01A8A-DC26-4081-A1C9-1A4C0D03C36A}
	EndGlobalSection
EndGlobal
